
Microsoft Visual Studio Solution File, Format Version 12.00
# Visual Studio Version 16
VisualStudioVersion = 16.0.31321.278
MinimumVisualStudioVersion = 10.0.40219.1
Project("{FAE04EC0-301F-11D3-BF4B-00C04F79EFBC}") = "TestBlazorParameters", "TestBlazorParameters\TestBlazorParameters.csproj", "{67CB8DA4-52A5-46C0-B96C-21AE5081E24C}"
EndProject
Global
	GlobalSection(SolutionConfigurationPlatforms) = preSolution
		Debug|Any CPU = Debug|Any CPU
		Release|Any CPU = Release|Any CPU
	EndGlobalSection
	GlobalSection(ProjectConfigurationPlatforms) = postSolution
		{67CB8DA4-52A5-46C0-B96C-21AE5081E24C}.Debug|Any CPU.ActiveCfg = Debug|Any CPU
		{67CB8DA4-52A5-46C0-B96C-21AE5081E24C}.Debug|Any CPU.Build.0 = Debug|Any CPU
		{67CB8DA4-52A5-46C0-B96C-21AE5081E24C}.Release|Any CPU.ActiveCfg = Release|Any CPU
		{67CB8DA4-52A5-46C0-B96C-21AE5081E24C}.Release|Any CPU.Build.0 = Release|Any CPU
	EndGlobalSection
	GlobalSection(SolutionProperties) = preSolution
		HideSolutionNode = FALSE
	EndGlobalSection
	GlobalSection(ExtensibilityGlobals) = postSolution
		SolutionGuid = {7BE355E2-6B99-49B5-936E-0C046718ADBB}
	EndGlobalSection
EndGlobal
